
Microsoft Visual Studio Solution File, Format Version 12.00
# Visual Studio 15
VisualStudioVersion = 15.0.28307.705
MinimumVisualStudioVersion = 10.0.40219.1
Project("{FAE04EC0-301F-11D3-BF4B-00C04F79EFBC}") = "MvcBlogProjesi", "MvcBlogProjesi\MvcBlogProjesi.csproj", "{4220FE24-87E4-479A-AC49-890F2250B2E7}"
EndProject
Global
	GlobalSection(SolutionConfigurationPlatforms) = preSolution
		Debug|Any CPU = Debug|Any CPU
		Release|Any CPU = Release|Any CPU
	EndGlobalSection
	GlobalSection(ProjectConfigurationPlatforms) = postSolution
		{4220FE24-87E4-479A-AC49-890F2250B2E7}.Debug|Any CPU.ActiveCfg = Debug|Any CPU
		{4220FE24-87E4-479A-AC49-890F2250B2E7}.Debug|Any CPU.Build.0 = Debug|Any CPU
		{4220FE24-87E4-479A-AC49-890F2250B2E7}.Release|Any CPU.ActiveCfg = Release|Any CPU
		{4220FE24-87E4-479A-AC49-890F2250B2E7}.Release|Any CPU.Build.0 = Release|Any CPU
	EndGlobalSection
	GlobalSection(SolutionProperties) = preSolution
		HideSolutionNode = FALSE
	EndGlobalSection
	GlobalSection(ExtensibilityGlobals) = postSolution
		SolutionGuid = {F717ADA0-214A-4AFF-9300-726346602DB4}
	EndGlobalSection
EndGlobal
